// !$*UTF8*$!
{
	archiveVersion = 1;
	classes = {
	};
	objectVersion = 46;
	objects = {

/* Begin PBXBuildFile section */
		222D97851FAFFE4700F0739E /* HistoryViewController.swift in Sources */ = {isa = PBXBuildFile; fileRef = 222D97841FAFFE4700F0739E /* HistoryViewController.swift */; };
		22E7EBF01FACE66200273F9A /* AppDelegate.swift in Sources */ = {isa = PBXBuildFile; fileRef = 22E7EBEF1FACE66200273F9A /* AppDelegate.swift */; };
		22E7EBF51FACE66200273F9A /* Main.storyboard in Resources */ = {isa = PBXBuildFile; fileRef = 22E7EBF31FACE66200273F9A /* Main.storyboard */; };
		22E7EBF71FACE66200273F9A /* Assets.xcassets in Resources */ = {isa = PBXBuildFile; fileRef = 22E7EBF61FACE66200273F9A /* Assets.xcassets */; };
		22E7EBFA1FACE66200273F9A /* LaunchScreen.storyboard in Resources */ = {isa = PBXBuildFile; fileRef = 22E7EBF81FACE66200273F9A /* LaunchScreen.storyboard */; };
		22E7EC051FACE66200273F9A /* OCR_AppTests.swift in Sources */ = {isa = PBXBuildFile; fileRef = 22E7EC041FACE66200273F9A /* OCR_AppTests.swift */; };
		22E7EC101FACE66200273F9A /* OCR_AppUITests.swift in Sources */ = {isa = PBXBuildFile; fileRef = 22E7EC0F1FACE66200273F9A /* OCR_AppUITests.swift */; };
		22E7EC1E1FACE7F700273F9A /* ScanViewController.swift in Sources */ = {isa = PBXBuildFile; fileRef = 22E7EC1D1FACE7F700273F9A /* ScanViewController.swift */; };
		22E7EC201FACFBE100273F9A /* Tessdata in Resources */ = {isa = PBXBuildFile; fileRef = 22E7EC1F1FACFBE100273F9A /* Tessdata */; };
		5A957CE6501A9C4045497A59 /* Pods_OCR_AppUITests.framework in Frameworks */ = {isa = PBXBuildFile; fileRef = 820137BDCBB69FAA1A10B37F /* Pods_OCR_AppUITests.framework */; };
		67357672CCEE387A89277DD6 /* Pods_OCR_App.framework in Frameworks */ = {isa = PBXBuildFile; fileRef = 6757CA35F5D9A98B30C7345B /* Pods_OCR_App.framework */; };
		8A19C47F9E52AC66DC9DB428 /* Pods_OCR_AppTests.framework in Frameworks */ = {isa = PBXBuildFile; fileRef = 4B872A4E8256DA071B918826 /* Pods_OCR_AppTests.framework */; };
/* End PBXBuildFile section */

/* Begin PBXContainerItemProxy section */
		22E7EC011FACE66200273F9A /* PBXContainerItemProxy */ = {
			isa = PBXContainerItemProxy;
			containerPortal = 22E7EBE41FACE66200273F9A /* Project object */;
			proxyType = 1;
			remoteGlobalIDString = 22E7EBEB1FACE66200273F9A;
			remoteInfo = "OCR-App";
		};
		22E7EC0C1FACE66200273F9A /* PBXContainerItemProxy */ = {
			isa = PBXContainerItemProxy;
			containerPortal = 22E7EBE41FACE66200273F9A /* Project object */;
			proxyType = 1;
			remoteGlobalIDString = 22E7EBEB1FACE66200273F9A;
			remoteInfo = "OCR-App";
		};
/* End PBXContainerItemProxy section */

/* Begin PBXFileReference section */
		1C0FB7607F3679FE788211A6 /* Pods-OCR-App.release.xcconfig */ = {isa = PBXFileReference; includeInIndex = 1; lastKnownFileType = text.xcconfig; name = "Pods-OCR-App.release.xcconfig"; path = "Pods/Target Support Files/Pods-OCR-App/Pods-OCR-App.release.xcconfig"; sourceTree = "<group>"; };
		222D97841FAFFE4700F0739E /* HistoryViewController.swift */ = {isa = PBXFileReference; fileEncoding = 4; lastKnownFileType = sourcecode.swift; path = HistoryViewController.swift; sourceTree = "<group>"; };
		22E7EBEC1FACE66200273F9A /* OCR-App.app */ = {isa = PBXFileReference; explicitFileType = wrapper.application; includeInIndex = 0; path = "OCR-App.app"; sourceTree = BUILT_PRODUCTS_DIR; };
		22E7EBEF1FACE66200273F9A /* AppDelegate.swift */ = {isa = PBXFileReference; lastKnownFileType = sourcecode.swift; path = AppDelegate.swift; sourceTree = "<group>"; };
		22E7EBF41FACE66200273F9A /* Base */ = {isa = PBXFileReference; lastKnownFileType = file.storyboard; name = Base; path = Base.lproj/Main.storyboard; sourceTree = "<group>"; };
		22E7EBF61FACE66200273F9A /* Assets.xcassets */ = {isa = PBXFileReference; lastKnownFileType = folder.assetcatalog; path = Assets.xcassets; sourceTree = "<group>"; };
		22E7EBF91FACE66200273F9A /* Base */ = {isa = PBXFileReference; lastKnownFileType = file.storyboard; name = Base; path = Base.lproj/LaunchScreen.storyboard; sourceTree = "<group>"; };
		22E7EBFB1FACE66200273F9A /* Info.plist */ = {isa = PBXFileReference; lastKnownFileType = text.plist.xml; path = Info.plist; sourceTree = "<group>"; };
		22E7EC001FACE66200273F9A /* OCR-AppTests.xctest */ = {isa = PBXFileReference; explicitFileType = wrapper.cfbundle; includeInIndex = 0; path = "OCR-AppTests.xctest"; sourceTree = BUILT_PRODUCTS_DIR; };
		22E7EC041FACE66200273F9A /* OCR_AppTests.swift */ = {isa = PBXFileReference; lastKnownFileType = sourcecode.swift; path = OCR_AppTests.swift; sourceTree = "<group>"; };
		22E7EC061FACE66200273F9A /* Info.plist */ = {isa = PBXFileReference; lastKnownFileType = text.plist.xml; path = Info.plist; sourceTree = "<group>"; };
		22E7EC0B1FACE66200273F9A /* OCR-AppUITests.xctest */ = {isa = PBXFileReference; explicitFileType = wrapper.cfbundle; includeInIndex = 0; path = "OCR-AppUITests.xctest"; sourceTree = BUILT_PRODUCTS_DIR; };
		22E7EC0F1FACE66200273F9A /* OCR_AppUITests.swift */ = {isa = PBXFileReference; lastKnownFileType = sourcecode.swift; path = OCR_AppUITests.swift; sourceTree = "<group>"; };
		22E7EC111FACE66200273F9A /* Info.plist */ = {isa = PBXFileReference; lastKnownFileType = text.plist.xml; path = Info.plist; sourceTree = "<group>"; };
		22E7EC1D1FACE7F700273F9A /* ScanViewController.swift */ = {isa = PBXFileReference; fileEncoding = 4; lastKnownFileType = sourcecode.swift; path = ScanViewController.swift; sourceTree = "<group>"; };
		22E7EC1F1FACFBE100273F9A /* Tessdata */ = {isa = PBXFileReference; lastKnownFileType = folder; path = Tessdata; sourceTree = "<group>"; };
		4B872A4E8256DA071B918826 /* Pods_OCR_AppTests.framework */ = {isa = PBXFileReference; explicitFileType = wrapper.framework; includeInIndex = 0; path = Pods_OCR_AppTests.framework; sourceTree = BUILT_PRODUCTS_DIR; };
		6757CA35F5D9A98B30C7345B /* Pods_OCR_App.framework */ = {isa = PBXFileReference; explicitFileType = wrapper.framework; includeInIndex = 0; path = Pods_OCR_App.framework; sourceTree = BUILT_PRODUCTS_DIR; };
		820137BDCBB69FAA1A10B37F /* Pods_OCR_AppUITests.framework */ = {isa = PBXFileReference; explicitFileType = wrapper.framework; includeInIndex = 0; path = Pods_OCR_AppUITests.framework; sourceTree = BUILT_PRODUCTS_DIR; };
		83075B240752C30478574C3B /* Pods-OCR-AppUITests.release.xcconfig */ = {isa = PBXFileReference; includeInIndex = 1; lastKnownFileType = text.xcconfig; name = "Pods-OCR-AppUITests.release.xcconfig"; path = "Pods/Target Support Files/Pods-OCR-AppUITests/Pods-OCR-AppUITests.release.xcconfig"; sourceTree = "<group>"; };
		935586430484253257879D89 /* Pods-OCR-AppTests.debug.xcconfig */ = {isa = PBXFileReference; includeInIndex = 1; lastKnownFileType = text.xcconfig; name = "Pods-OCR-AppTests.debug.xcconfig"; path = "Pods/Target Support Files/Pods-OCR-AppTests/Pods-OCR-AppTests.debug.xcconfig"; sourceTree = "<group>"; };
		A598F693CC17BC1AF5F043C2 /* Pods-OCR-AppUITests.debug.xcconfig */ = {isa = PBXFileReference; includeInIndex = 1; lastKnownFileType = text.xcconfig; name = "Pods-OCR-AppUITests.debug.xcconfig"; path = "Pods/Target Support Files/Pods-OCR-AppUITests/Pods-OCR-AppUITests.debug.xcconfig"; sourceTree = "<group>"; };
		AB4A1ED1E6EDDEB2C05CA863 /* Pods-OCR-App.debug.xcconfig */ = {isa = PBXFileReference; includeInIndex = 1; lastKnownFileType = text.xcconfig; name = "Pods-OCR-App.debug.xcconfig"; path = "Pods/Target Support Files/Pods-OCR-App/Pods-OCR-App.debug.xcconfig"; sourceTree = "<group>"; };
		EDC2F56AE7CAE450A5209A86 /* Pods-OCR-AppTests.release.xcconfig */ = {isa = PBXFileReference; includeInIndex = 1; lastKnownFileType = text.xcconfig; name = "Pods-OCR-AppTests.release.xcconfig"; path = "Pods/Target Support Files/Pods-OCR-AppTests/Pods-OCR-AppTests.release.xcconfig"; sourceTree = "<group>"; };
/* End PBXFileReference section */

/* Begin PBXFrameworksBuildPhase section */
		22E7EBE91FACE66200273F9A /* Frameworks */ = {
			isa = PBXFrameworksBuildPhase;
			buildActionMask = 2147483647;
			files = (
				67357672CCEE387A89277DD6 /* Pods_OCR_App.framework in Frameworks */,
			);
			runOnlyForDeploymentPostprocessing = 0;
		};
		22E7EBFD1FACE66200273F9A /* Frameworks */ = {
			isa = PBXFrameworksBuildPhase;
			buildActionMask = 2147483647;
			files = (
				8A19C47F9E52AC66DC9DB428 /* Pods_OCR_AppTests.framework in Frameworks */,
			);
			runOnlyForDeploymentPostprocessing = 0;
		};
		22E7EC081FACE66200273F9A /* Frameworks */ = {
			isa = PBXFrameworksBuildPhase;
			buildActionMask = 2147483647;
			files = (
				5A957CE6501A9C4045497A59 /* Pods_OCR_AppUITests.framework in Frameworks */,
			);
			runOnlyForDeploymentPostprocessing = 0;
		};
/* End PBXFrameworksBuildPhase section */

/* Begin PBXGroup section */
		22E7EBE31FACE66200273F9A = {
			isa = PBXGroup;
			children = (
				22E7EBEE1FACE66200273F9A /* OCR-App */,
				22E7EC031FACE66200273F9A /* OCR-AppTests */,
				22E7EC0E1FACE66200273F9A /* OCR-AppUITests */,
				22E7EBED1FACE66200273F9A /* Products */,
				42E8B1DF1B4900B606DBF180 /* Pods */,
				78106899C2828883AFFC6409 /* Frameworks */,
			);
			sourceTree = "<group>";
		};
		22E7EBED1FACE66200273F9A /* Products */ = {
			isa = PBXGroup;
			children = (
				22E7EBEC1FACE66200273F9A /* OCR-App.app */,
				22E7EC001FACE66200273F9A /* OCR-AppTests.xctest */,
				22E7EC0B1FACE66200273F9A /* OCR-AppUITests.xctest */,
			);
			name = Products;
			sourceTree = "<group>";
		};
		22E7EBEE1FACE66200273F9A /* OCR-App */ = {
			isa = PBXGroup;
			children = (
				22E7EC1F1FACFBE100273F9A /* Tessdata */,
				22E7EBEF1FACE66200273F9A /* AppDelegate.swift */,
				22E7EC1D1FACE7F700273F9A /* ScanViewController.swift */,
				222D97841FAFFE4700F0739E /* HistoryViewController.swift */,
				22E7EBF31FACE66200273F9A /* Main.storyboard */,
				22E7EBF61FACE66200273F9A /* Assets.xcassets */,
				22E7EBF81FACE66200273F9A /* LaunchScreen.storyboard */,
				22E7EBFB1FACE66200273F9A /* Info.plist */,
			);
			path = "OCR-App";
			sourceTree = "<group>";
		};
		22E7EC031FACE66200273F9A /* OCR-AppTests */ = {
			isa = PBXGroup;
			children = (
				22E7EC041FACE66200273F9A /* OCR_AppTests.swift */,
				22E7EC061FACE66200273F9A /* Info.plist */,
			);
			path = "OCR-AppTests";
			sourceTree = "<group>";
		};
		22E7EC0E1FACE66200273F9A /* OCR-AppUITests */ = {
			isa = PBXGroup;
			children = (
				22E7EC0F1FACE66200273F9A /* OCR_AppUITests.swift */,
				22E7EC111FACE66200273F9A /* Info.plist */,
			);
			path = "OCR-AppUITests";
			sourceTree = "<group>";
		};
		42E8B1DF1B4900B606DBF180 /* Pods */ = {
			isa = PBXGroup;
			children = (
				AB4A1ED1E6EDDEB2C05CA863 /* Pods-OCR-App.debug.xcconfig */,
				1C0FB7607F3679FE788211A6 /* Pods-OCR-App.release.xcconfig */,
				935586430484253257879D89 /* Pods-OCR-AppTests.debug.xcconfig */,
				EDC2F56AE7CAE450A5209A86 /* Pods-OCR-AppTests.release.xcconfig */,
				A598F693CC17BC1AF5F043C2 /* Pods-OCR-AppUITests.debug.xcconfig */,
				83075B240752C30478574C3B /* Pods-OCR-AppUITests.release.xcconfig */,
			);
			name = Pods;
			sourceTree = "<group>";
		};
		78106899C2828883AFFC6409 /* Frameworks */ = {
			isa = PBXGroup;
			children = (
				6757CA35F5D9A98B30C7345B /* Pods_OCR_App.framework */,
				4B872A4E8256DA071B918826 /* Pods_OCR_AppTests.framework */,
				820137BDCBB69FAA1A10B37F /* Pods_OCR_AppUITests.framework */,
			);
			name = Frameworks;
			sourceTree = "<group>";
		};
/* End PBXGroup section */

/* Begin PBXNativeTarget section */
		22E7EBEB1FACE66200273F9A /* OCR-App */ = {
			isa = PBXNativeTarget;
			buildConfigurationList = 22E7EC141FACE66200273F9A /* Build configuration list for PBXNativeTarget "OCR-App" */;
			buildPhases = (
				B37D72276955EE32B388E021 /* [CP] Check Pods Manifest.lock */,
				22E7EBE81FACE66200273F9A /* Sources */,
				22E7EBE91FACE66200273F9A /* Frameworks */,
				22E7EBEA1FACE66200273F9A /* Resources */,
				FBDD9AA09F9652BD1EADB87B /* [CP] Embed Pods Frameworks */,
				33F46648E1D74FEB9BE52D2D /* [CP] Copy Pods Resources */,
			);
			buildRules = (
			);
			dependencies = (
			);
			name = "OCR-App";
			productName = "OCR-App";
			productReference = 22E7EBEC1FACE66200273F9A /* OCR-App.app */;
			productType = "com.apple.product-type.application";
		};
		22E7EBFF1FACE66200273F9A /* OCR-AppTests */ = {
			isa = PBXNativeTarget;
			buildConfigurationList = 22E7EC171FACE66200273F9A /* Build configuration list for PBXNativeTarget "OCR-AppTests" */;
			buildPhases = (
				805720B9A5DA68C55AAD9B6C /* [CP] Check Pods Manifest.lock */,
				22E7EBFC1FACE66200273F9A /* Sources */,
				22E7EBFD1FACE66200273F9A /* Frameworks */,
				22E7EBFE1FACE66200273F9A /* Resources */,
				895F2E80BABE22AF347EE8E8 /* [CP] Embed Pods Frameworks */,
				E56C3CBFD0B023618B007CD9 /* [CP] Copy Pods Resources */,
			);
			buildRules = (
			);
			dependencies = (
				22E7EC021FACE66200273F9A /* PBXTargetDependency */,
			);
			name = "OCR-AppTests";
			productName = "OCR-AppTests";
			productReference = 22E7EC001FACE66200273F9A /* OCR-AppTests.xctest */;
			productType = "com.apple.product-type.bundle.unit-test";
		};
		22E7EC0A1FACE66200273F9A /* OCR-AppUITests */ = {
			isa = PBXNativeTarget;
			buildConfigurationList = 22E7EC1A1FACE66200273F9A /* Build configuration list for PBXNativeTarget "OCR-AppUITests" */;
			buildPhases = (
				FA1EBA7962A3DE022EA5F70B /* [CP] Check Pods Manifest.lock */,
				22E7EC071FACE66200273F9A /* Sources */,
				22E7EC081FACE66200273F9A /* Frameworks */,
				22E7EC091FACE66200273F9A /* Resources */,
				6B4C4E3957657BAD3F21CFC5 /* [CP] Embed Pods Frameworks */,
				D2A162B6506D1EEA0E9F0FF9 /* [CP] Copy Pods Resources */,
			);
			buildRules = (
			);
			dependencies = (
				22E7EC0D1FACE66200273F9A /* PBXTargetDependency */,
			);
			name = "OCR-AppUITests";
			productName = "OCR-AppUITests";
			productReference = 22E7EC0B1FACE66200273F9A /* OCR-AppUITests.xctest */;
			productType = "com.apple.product-type.bundle.ui-testing";
		};
/* End PBXNativeTarget section */

/* Begin PBXProject section */
		22E7EBE41FACE66200273F9A /* Project object */ = {
			isa = PBXProject;
			attributes = {
				LastSwiftUpdateCheck = 0820;
				LastUpgradeCheck = 0820;
				ORGANIZATIONNAME = MacOS;
				TargetAttributes = {
					22E7EBEB1FACE66200273F9A = {
						CreatedOnToolsVersion = 8.2.1;
						DevelopmentTeam = S9Z4CKEBCU;
						ProvisioningStyle = Automatic;
					};
					22E7EBFF1FACE66200273F9A = {
						CreatedOnToolsVersion = 8.2.1;
						DevelopmentTeam = EW3R3BC6DE;
						ProvisioningStyle = Automatic;
						TestTargetID = 22E7EBEB1FACE66200273F9A;
					};
					22E7EC0A1FACE66200273F9A = {
						CreatedOnToolsVersion = 8.2.1;
						DevelopmentTeam = EW3R3BC6DE;
						ProvisioningStyle = Automatic;
						TestTargetID = 22E7EBEB1FACE66200273F9A;
					};
				};
			};
			buildConfigurationList = 22E7EBE71FACE66200273F9A /* Build configuration list for PBXProject "OCR-App" */;
			compatibilityVersion = "Xcode 3.2";
			developmentRegion = English;
			hasScannedForEncodings = 0;
			knownRegions = (
				en,
				Base,
			);
			mainGroup = 22E7EBE31FACE66200273F9A;
			productRefGroup = 22E7EBED1FACE66200273F9A /* Products */;
			projectDirPath = "";
			projectRoot = "";
			targets = (
				22E7EBEB1FACE66200273F9A /* OCR-App */,
				22E7EBFF1FACE66200273F9A /* OCR-AppTests */,
				22E7EC0A1FACE66200273F9A /* OCR-AppUITests */,
			);
		};
/* End PBXProject section */

/* Begin PBXResourcesBuildPhase section */
		22E7EBEA1FACE66200273F9A /* Resources */ = {
			isa = PBXResourcesBuildPhase;
			buildActionMask = 2147483647;
			files = (
				22E7EBFA1FACE66200273F9A /* LaunchScreen.storyboard in Resources */,
				22E7EC201FACFBE100273F9A /* Tessdata in Resources */,
				22E7EBF71FACE66200273F9A /* Assets.xcassets in Resources */,
				22E7EBF51FACE66200273F9A /* Main.storyboard in Resources */,
			);
			runOnlyForDeploymentPostprocessing = 0;
		};
		22E7EBFE1FACE66200273F9A /* Resources */ = {
			isa = PBXResourcesBuildPhase;
			buildActionMask = 2147483647;
			files = (
			);
			runOnlyForDeploymentPostprocessing = 0;
		};
		22E7EC091FACE66200273F9A /* Resources */ = {
			isa = PBXResourcesBuildPhase;
			buildActionMask = 2147483647;
			files = (
			);
			runOnlyForDeploymentPostprocessing = 0;
		};
/* End PBXResourcesBuildPhase section */

/* Begin PBXShellScriptBuildPhase section */
		33F46648E1D74FEB9BE52D2D /* [CP] Copy Pods Resources */ = {
			isa = PBXShellScriptBuildPhase;
			buildActionMask = 2147483647;
			files = (
			);
			inputPaths = (
			);
			name = "[CP] Copy Pods Resources";
			outputPaths = (
			);
			runOnlyForDeploymentPostprocessing = 0;
			shellPath = /bin/sh;
			shellScript = "\"${SRCROOT}/Pods/Target Support Files/Pods-OCR-App/Pods-OCR-App-resources.sh\"\n";
			showEnvVarsInLog = 0;
		};
		6B4C4E3957657BAD3F21CFC5 /* [CP] Embed Pods Frameworks */ = {
			isa = PBXShellScriptBuildPhase;
			buildActionMask = 2147483647;
			files = (
			);
			inputPaths = (
			);
			name = "[CP] Embed Pods Frameworks";
			outputPaths = (
			);
			runOnlyForDeploymentPostprocessing = 0;
			shellPath = /bin/sh;
			shellScript = "\"${SRCROOT}/Pods/Target Support Files/Pods-OCR-AppUITests/Pods-OCR-AppUITests-frameworks.sh\"\n";
			showEnvVarsInLog = 0;
		};
		805720B9A5DA68C55AAD9B6C /* [CP] Check Pods Manifest.lock */ = {
			isa = PBXShellScriptBuildPhase;
			buildActionMask = 2147483647;
			files = (
			);
			inputPaths = (
				"${PODS_PODFILE_DIR_PATH}/Podfile.lock",
				"${PODS_ROOT}/Manifest.lock",
			);
			name = "[CP] Check Pods Manifest.lock";
			outputPaths = (
				"$(DERIVED_FILE_DIR)/Pods-OCR-AppTests-checkManifestLockResult.txt",
			);
			runOnlyForDeploymentPostprocessing = 0;
			shellPath = /bin/sh;
			shellScript = "diff \"${PODS_PODFILE_DIR_PATH}/Podfile.lock\" \"${PODS_ROOT}/Manifest.lock\" > /dev/null\nif [ $? != 0 ] ; then\n    # print error to STDERR\n    echo \"error: The sandbox is not in sync with the Podfile.lock. Run 'pod install' or update your CocoaPods installation.\" >&2\n    exit 1\nfi\n# This output is used by Xcode 'outputs' to avoid re-running this script phase.\necho \"SUCCESS\" > \"${SCRIPT_OUTPUT_FILE_0}\"\n";
			showEnvVarsInLog = 0;
		};
		895F2E80BABE22AF347EE8E8 /* [CP] Embed Pods Frameworks */ = {
			isa = PBXShellScriptBuildPhase;
			buildActionMask = 2147483647;
			files = (
			);
			inputPaths = (
			);
			name = "[CP] Embed Pods Frameworks";
			outputPaths = (
			);
			runOnlyForDeploymentPostprocessing = 0;
			shellPath = /bin/sh;
			shellScript = "\"${SRCROOT}/Pods/Target Support Files/Pods-OCR-AppTests/Pods-OCR-AppTests-frameworks.sh\"\n";
			showEnvVarsInLog = 0;
		};
		B37D72276955EE32B388E021 /* [CP] Check Pods Manifest.lock */ = {
			isa = PBXShellScriptBuildPhase;
			buildActionMask = 2147483647;
			files = (
			);
			inputPaths = (
				"${PODS_PODFILE_DIR_PATH}/Podfile.lock",
				"${PODS_ROOT}/Manifest.lock",
			);
			name = "[CP] Check Pods Manifest.lock";
			outputPaths = (
				"$(DERIVED_FILE_DIR)/Pods-OCR-App-checkManifestLockResult.txt",
			);
			runOnlyForDeploymentPostprocessing = 0;
			shellPath = /bin/sh;
			shellScript = "diff \"${PODS_PODFILE_DIR_PATH}/Podfile.lock\" \"${PODS_ROOT}/Manifest.lock\" > /dev/null\nif [ $? != 0 ] ; then\n    # print error to STDERR\n    echo \"error: The sandbox is not in sync with the Podfile.lock. Run 'pod install' or update your CocoaPods installation.\" >&2\n    exit 1\nfi\n# This output is used by Xcode 'outputs' to avoid re-running this script phase.\necho \"SUCCESS\" > \"${SCRIPT_OUTPUT_FILE_0}\"\n";
			showEnvVarsInLog = 0;
		};
		D2A162B6506D1EEA0E9F0FF9 /* [CP] Copy Pods Resources */ = {
			isa = PBXShellScriptBuildPhase;
			buildActionMask = 2147483647;
			files = (
			);
			inputPaths = (
			);
			name = "[CP] Copy Pods Resources";
			outputPaths = (
			);
			runOnlyForDeploymentPostprocessing = 0;
			shellPath = /bin/sh;
			shellScript = "\"${SRCROOT}/Pods/Target Support Files/Pods-OCR-AppUITests/Pods-OCR-AppUITests-resources.sh\"\n";
			showEnvVarsInLog = 0;
		};
		E56C3CBFD0B023618B007CD9 /* [CP] Copy Pods Resources */ = {
			isa = PBXShellScriptBuildPhase;
			buildActionMask = 2147483647;
			files = (
			);
			inputPaths = (
			);
			name = "[CP] Copy Pods Resources";
			outputPaths = (
			);
			runOnlyForDeploymentPostprocessing = 0;
			shellPath = /bin/sh;
			shellScript = "\"${SRCROOT}/Pods/Target Support Files/Pods-OCR-AppTests/Pods-OCR-AppTests-resources.sh\"\n";
			showEnvVarsInLog = 0;
		};
		FA1EBA7962A3DE022EA5F70B /* [CP] Check Pods Manifest.lock */ = {
			isa = PBXShellScriptBuildPhase;
			buildActionMask = 2147483647;
			files = (
			);
			inputPaths = (
				"${PODS_PODFILE_DIR_PATH}/Podfile.lock",
				"${PODS_ROOT}/Manifest.lock",
			);
			name = "[CP] Check Pods Manifest.lock";
			outputPaths = (
				"$(DERIVED_FILE_DIR)/Pods-OCR-AppUITests-checkManifestLockResult.txt",
			);
			runOnlyForDeploymentPostprocessing = 0;
			shellPath = /bin/sh;
			shellScript = "diff \"${PODS_PODFILE_DIR_PATH}/Podfile.lock\" \"${PODS_ROOT}/Manifest.lock\" > /dev/null\nif [ $? != 0 ] ; then\n    # print error to STDERR\n    echo \"error: The sandbox is not in sync with the Podfile.lock. Run 'pod install' or update your CocoaPods installation.\" >&2\n    exit 1\nfi\n# This output is used by Xcode 'outputs' to avoid re-running this script phase.\necho \"SUCCESS\" > \"${SCRIPT_OUTPUT_FILE_0}\"\n";
			showEnvVarsInLog = 0;
		};
		FBDD9AA09F9652BD1EADB87B /* [CP] Embed Pods Frameworks */ = {
			isa = PBXShellScriptBuildPhase;
			buildActionMask = 2147483647;
			files = (
			);
			inputPaths = (
				"${SRCROOT}/Pods/Target Support Files/Pods-OCR-App/Pods-OCR-App-frameworks.sh",
				"${BUILT_PRODUCTS_DIR}/TesseractOCRiOS/TesseractOCR.framework",
			);
			name = "[CP] Embed Pods Frameworks";
			outputPaths = (
				"${TARGET_BUILD_DIR}/${FRAMEWORKS_FOLDER_PATH}/TesseractOCR.framework",
			);
			runOnlyForDeploymentPostprocessing = 0;
			shellPath = /bin/sh;
			shellScript = "\"${SRCROOT}/Pods/Target Support Files/Pods-OCR-App/Pods-OCR-App-frameworks.sh\"\n";
			showEnvVarsInLog = 0;
		};
/* End PBXShellScriptBuildPhase section */

/* Begin PBXSourcesBuildPhase section */
		22E7EBE81FACE66200273F9A /* Sources */ = {
			isa = PBXSourcesBuildPhase;
			buildActionMask = 2147483647;
			files = (
				222D97851FAFFE4700F0739E /* HistoryViewController.swift in Sources */,
				22E7EBF01FACE66200273F9A /* AppDelegate.swift in Sources */,
				22E7EC1E1FACE7F700273F9A /* ScanViewController.swift in Sources */,
			);
			runOnlyForDeploymentPostprocessing = 0;
		};
		22E7EBFC1FACE66200273F9A /* Sources */ = {
			isa = PBXSourcesBuildPhase;
			buildActionMask = 2147483647;
			files = (
				22E7EC051FACE66200273F9A /* OCR_AppTests.swift in Sources */,
			);
			runOnlyForDeploymentPostprocessing = 0;
		};
		22E7EC071FACE66200273F9A /* Sources */ = {
			isa = PBXSourcesBuildPhase;
			buildActionMask = 2147483647;
			files = (
				22E7EC101FACE66200273F9A /* OCR_AppUITests.swift in Sources */,
			);
			runOnlyForDeploymentPostprocessing = 0;
		};
/* End PBXSourcesBuildPhase section */

/* Begin PBXTargetDependency section */
		22E7EC021FACE66200273F9A /* PBXTargetDependency */ = {
			isa = PBXTargetDependency;
			target = 22E7EBEB1FACE66200273F9A /* OCR-App */;
			targetProxy = 22E7EC011FACE66200273F9A /* PBXContainerItemProxy */;
		};
		22E7EC0D1FACE66200273F9A /* PBXTargetDependency */ = {
			isa = PBXTargetDependency;
			target = 22E7EBEB1FACE66200273F9A /* OCR-App */;
			targetProxy = 22E7EC0C1FACE66200273F9A /* PBXContainerItemProxy */;
		};
/* End PBXTargetDependency section */

/* Begin PBXVariantGroup section */
		22E7EBF31FACE66200273F9A /* Main.storyboard */ = {
			isa = PBXVariantGroup;
			children = (
				22E7EBF41FACE66200273F9A /* Base */,
			);
			name = Main.storyboard;
			sourceTree = "<group>";
		};
		22E7EBF81FACE66200273F9A /* LaunchScreen.storyboard */ = {
			isa = PBXVariantGroup;
			children = (
				22E7EBF91FACE66200273F9A /* Base */,
			);
			name = LaunchScreen.storyboard;
			sourceTree = "<group>";
		};
/* End PBXVariantGroup section */

/* Begin XCBuildConfiguration section */
		22E7EC121FACE66200273F9A /* Debug */ = {
			isa = XCBuildConfiguration;
			buildSettings = {
				ALWAYS_SEARCH_USER_PATHS = NO;
				CLANG_ANALYZER_NONNULL = YES;
				CLANG_CXX_LANGUAGE_STANDARD = "gnu++0x";
				CLANG_CXX_LIBRARY = "libc++";
				CLANG_ENABLE_MODULES = YES;
				CLANG_ENABLE_OBJC_ARC = YES;
				CLANG_WARN_BOOL_CONVERSION = YES;
				CLANG_WARN_CONSTANT_CONVERSION = YES;
				CLANG_WARN_DIRECT_OBJC_ISA_USAGE = YES_ERROR;
				CLANG_WARN_DOCUMENTATION_COMMENTS = YES;
				CLANG_WARN_EMPTY_BODY = YES;
				CLANG_WARN_ENUM_CONVERSION = YES;
				CLANG_WARN_INFINITE_RECURSION = YES;
				CLANG_WARN_INT_CONVERSION = YES;
				CLANG_WARN_OBJC_ROOT_CLASS = YES_ERROR;
				CLANG_WARN_SUSPICIOUS_MOVE = YES;
				CLANG_WARN_UNREACHABLE_CODE = YES;
				CLANG_WARN__DUPLICATE_METHOD_MATCH = YES;
				"CODE_SIGN_IDENTITY[sdk=iphoneos*]" = "iPhone Developer";
				COPY_PHASE_STRIP = NO;
				DEBUG_INFORMATION_FORMAT = dwarf;
				ENABLE_STRICT_OBJC_MSGSEND = YES;
				ENABLE_TESTABILITY = YES;
				GCC_C_LANGUAGE_STANDARD = gnu99;
				GCC_DYNAMIC_NO_PIC = NO;
				GCC_NO_COMMON_BLOCKS = YES;
				GCC_OPTIMIZATION_LEVEL = 0;
				GCC_PREPROCESSOR_DEFINITIONS = (
					"DEBUG=1",
					"$(inherited)",
				);
				GCC_WARN_64_TO_32_BIT_CONVERSION = YES;
				GCC_WARN_ABOUT_RETURN_TYPE = YES_ERROR;
				GCC_WARN_UNDECLARED_SELECTOR = YES;
				GCC_WARN_UNINITIALIZED_AUTOS = YES_AGGRESSIVE;
				GCC_WARN_UNUSED_FUNCTION = YES;
				GCC_WARN_UNUSED_VARIABLE = YES;
				IPHONEOS_DEPLOYMENT_TARGET = 9.3;
				MTL_ENABLE_DEBUG_INFO = YES;
				ONLY_ACTIVE_ARCH = YES;
				SDKROOT = iphoneos;
				SWIFT_ACTIVE_COMPILATION_CONDITIONS = DEBUG;
				SWIFT_OPTIMIZATION_LEVEL = "-Onone";
				TARGETED_DEVICE_FAMILY = "1,2";
			};
			name = Debug;
		};
		22E7EC131FACE66200273F9A /* Release */ = {
			isa = XCBuildConfiguration;
			buildSettings = {
				ALWAYS_SEARCH_USER_PATHS = NO;
				CLANG_ANALYZER_NONNULL = YES;
				CLANG_CXX_LANGUAGE_STANDARD = "gnu++0x";
				CLANG_CXX_LIBRARY = "libc++";
				CLANG_ENABLE_MODULES = YES;
				CLANG_ENABLE_OBJC_ARC = YES;
				CLANG_WARN_BOOL_CONVERSION = YES;
				CLANG_WARN_CONSTANT_CONVERSION = YES;
				CLANG_WARN_DIRECT_OBJC_ISA_USAGE = YES_ERROR;
				CLANG_WARN_DOCUMENTATION_COMMENTS = YES;
				CLANG_WARN_EMPTY_BODY = YES;
				CLANG_WARN_ENUM_CONVERSION = YES;
				CLANG_WARN_INFINITE_RECURSION = YES;
				CLANG_WARN_INT_CONVERSION = YES;
				CLANG_WARN_OBJC_ROOT_CLASS = YES_ERROR;
				CLANG_WARN_SUSPICIOUS_MOVE = YES;
				CLANG_WARN_UNREACHABLE_CODE = YES;
				CLANG_WARN__DUPLICATE_METHOD_MATCH = YES;
				"CODE_SIGN_IDENTITY[sdk=iphoneos*]" = "iPhone Developer";
				COPY_PHASE_STRIP = NO;
				DEBUG_INFORMATION_FORMAT = "dwarf-with-dsym";
				ENABLE_NS_ASSERTIONS = NO;
				ENABLE_STRICT_OBJC_MSGSEND = YES;
				GCC_C_LANGUAGE_STANDARD = gnu99;
				GCC_NO_COMMON_BLOCKS = YES;
				GCC_WARN_64_TO_32_BIT_CONVERSION = YES;
				GCC_WARN_ABOUT_RETURN_TYPE = YES_ERROR;
				GCC_WARN_UNDECLARED_SELECTOR = YES;
				GCC_WARN_UNINITIALIZED_AUTOS = YES_AGGRESSIVE;
				GCC_WARN_UNUSED_FUNCTION = YES;
				GCC_WARN_UNUSED_VARIABLE = YES;
				IPHONEOS_DEPLOYMENT_TARGET = 9.3;
				MTL_ENABLE_DEBUG_INFO = NO;
				SDKROOT = iphoneos;
				SWIFT_OPTIMIZATION_LEVEL = "-Owholemodule";
				TARGETED_DEVICE_FAMILY = "1,2";
				VALIDATE_PRODUCT = YES;
			};
			name = Release;
		};
		22E7EC151FACE66200273F9A /* Debug */ = {
			isa = XCBuildConfiguration;
			baseConfigurationReference = AB4A1ED1E6EDDEB2C05CA863 /* Pods-OCR-App.debug.xcconfig */;
			buildSettings = {
				ASSETCATALOG_COMPILER_APPICON_NAME = AppIcon;
				DEVELOPMENT_TEAM = S9Z4CKEBCU;
				INFOPLIST_FILE = "OCR-App/Info.plist";
				IPHONEOS_DEPLOYMENT_TARGET = 9.3;
				LD_RUNPATH_SEARCH_PATHS = "$(inherited) @executable_path/Frameworks";
				PRODUCT_BUNDLE_IDENTIFIER = "liem.OCR-App";
				PRODUCT_NAME = "$(TARGET_NAME)";
				SWIFT_VERSION = 3.0;
			};
			name = Debug;
		};
		22E7EC161FACE66200273F9A /* Release */ = {
			isa = XCBuildConfiguration;
			baseConfigurationReference = 1C0FB7607F3679FE788211A6 /* Pods-OCR-App.release.xcconfig */;
			buildSettings = {
				ASSETCATALOG_COMPILER_APPICON_NAME = AppIcon;
				DEVELOPMENT_TEAM = S9Z4CKEBCU;
				INFOPLIST_FILE = "OCR-App/Info.plist";
				IPHONEOS_DEPLOYMENT_TARGET = 9.3;
				LD_RUNPATH_SEARCH_PATHS = "$(inherited) @executable_path/Frameworks";
				PRODUCT_BUNDLE_IDENTIFIER = "liem.OCR-App";
				PRODUCT_NAME = "$(TARGET_NAME)";
				SWIFT_VERSION = 3.0;
			};
			name = Release;
		};
		22E7EC181FACE66200273F9A /* Debug */ = {
			isa = XCBuildConfiguration;
			baseConfigurationReference = 935586430484253257879D89 /* Pods-OCR-AppTests.debug.xcconfig */;
			buildSettings = {
				ALWAYS_EMBED_SWIFT_STANDARD_LIBRARIES = YES;
				BUNDLE_LOADER = "$(TEST_HOST)";
				DEVELOPMENT_TEAM = EW3R3BC6DE;
				INFOPLIST_FILE = "OCR-AppTests/Info.plist";
				LD_RUNPATH_SEARCH_PATHS = "$(inherited) @executable_path/Frameworks @loader_path/Frameworks";
				PRODUCT_BUNDLE_IDENTIFIER = "KyDuong.OCR-AppTests";
				PRODUCT_NAME = "$(TARGET_NAME)";
				SWIFT_VERSION = 3.0;
				TEST_HOST = "$(BUILT_PRODUCTS_DIR)/OCR-App.app/OCR-App";
			};
			name = Debug;
		};
		22E7EC191FACE66200273F9A /* Release */ = {
			isa = XCBuildConfiguration;
			baseConfigurationReference = EDC2F56AE7CAE450A5209A86 /* Pods-OCR-AppTests.release.xcconfig */;
			buildSettings = {
				ALWAYS_EMBED_SWIFT_STANDARD_LIBRARIES = YES;
				BUNDLE_LOADER = "$(TEST_HOST)";
				DEVELOPMENT_TEAM = EW3R3BC6DE;
				INFOPLIST_FILE = "OCR-AppTests/Info.plist";
				LD_RUNPATH_SEARCH_PATHS = "$(inherited) @executable_path/Frameworks @loader_path/Frameworks";
				PRODUCT_BUNDLE_IDENTIFIER = "KyDuong.OCR-AppTests";
				PRODUCT_NAME = "$(TARGET_NAME)";
				SWIFT_VERSION = 3.0;
				TEST_HOST = "$(BUILT_PRODUCTS_DIR)/OCR-App.app/OCR-App";
			};
			name = Release;
		};
		22E7EC1B1FACE66200273F9A /* Debug */ = {
			isa = XCBuildConfiguration;
			baseConfigurationReference = A598F693CC17BC1AF5F043C2 /* Pods-OCR-AppUITests.debug.xcconfig */;
			buildSettings = {
				ALWAYS_EMBED_SWIFT_STANDARD_LIBRARIES = YES;
				DEVELOPMENT_TEAM = EW3R3BC6DE;
				INFOPLIST_FILE = "OCR-AppUITests/Info.plist";
				LD_RUNPATH_SEARCH_PATHS = "$(inherited) @executable_path/Frameworks @loader_path/Frameworks";
				PRODUCT_BUNDLE_IDENTIFIER = "KyDuong.OCR-AppUITests";
				PRODUCT_NAME = "$(TARGET_NAME)";
				SWIFT_VERSION = 3.0;
				TEST_TARGET_NAME = "OCR-App";
			};
			name = Debug;
		};
		22E7EC1C1FACE66200273F9A /* Release */ = {
			isa = XCBuildConfiguration;
			baseConfigurationReference = 83075B240752C30478574C3B /* Pods-OCR-AppUITests.release.xcconfig */;
			buildSettings = {
				ALWAYS_EMBED_SWIFT_STANDARD_LIBRARIES = YES;
				DEVELOPMENT_TEAM = EW3R3BC6DE;
				INFOPLIST_FILE = "OCR-AppUITests/Info.plist";
				LD_RUNPATH_SEARCH_PATHS = "$(inherited) @executable_path/Frameworks @loader_path/Frameworks";
				PRODUCT_BUNDLE_IDENTIFIER = "KyDuong.OCR-AppUITests";
				PRODUCT_NAME = "$(TARGET_NAME)";
				SWIFT_VERSION = 3.0;
				TEST_TARGET_NAME = "OCR-App";
			};
			name = Release;
		};
/* End XCBuildConfiguration section */

/* Begin XCConfigurationList section */
		22E7EBE71FACE66200273F9A /* Build configuration list for PBXProject "OCR-App" */ = {
			isa = XCConfigurationList;
			buildConfigurations = (
				22E7EC121FACE66200273F9A /* Debug */,
				22E7EC131FACE66200273F9A /* Release */,
			);
			defaultConfigurationIsVisible = 0;
			defaultConfigurationName = Release;
		};
		22E7EC141FACE66200273F9A /* Build configuration list for PBXNativeTarget "OCR-App" */ = {
			isa = XCConfigurationList;
			buildConfigurations = (
				22E7EC151FACE66200273F9A /* Debug */,
				22E7EC161FACE66200273F9A /* Release */,
			);
			defaultConfigurationIsVisible = 0;
			defaultConfigurationName = Release;
		};
		22E7EC171FACE66200273F9A /* Build configuration list for PBXNativeTarget "OCR-AppTests" */ = {
			isa = XCConfigurationList;
			buildConfigurations = (
				22E7EC181FACE66200273F9A /* Debug */,
				22E7EC191FACE66200273F9A /* Release */,
			);
			defaultConfigurationIsVisible = 0;
			defaultConfigurationName = Release;
		};
		22E7EC1A1FACE66200273F9A /* Build configuration list for PBXNativeTarget "OCR-AppUITests" */ = {
			isa = XCConfigurationList;
			buildConfigurations = (
				22E7EC1B1FACE66200273F9A /* Debug */,
				22E7EC1C1FACE66200273F9A /* Release */,
			);
			defaultConfigurationIsVisible = 0;
			defaultConfigurationName = Release;
		};
/* End XCConfigurationList section */
	};
	rootObject = 22E7EBE41FACE66200273F9A /* Project object */;
}
